{
  "name": "fe-kurglas",
  "version": "1.0.0",
  "lockfileVersion": 3,
  "requires": true,
  "packages": {
    "": {
      "name": "fe-kurglas",
      "version": "1.0.0",
      "license": "ISC",
      "dependencies": {
        "solid-toast": "^0.5.0",
        "yarn": "^1.22.21"
      }
    },
    "node_modules/csstype": {
      "version": "3.1.3",
      "resolved": "https://registry.npmjs.org/csstype/-/csstype-3.1.3.tgz",
      "integrity": "sha512-M1uQkMl8rQK/szD0LNhtqxIPLpimGm8sOBwU7lLnCpSbTyY3yeU1Vc7l4KT5zT4s/yOxHH5O7tIuuLOCnLADRw==",
      "peer": true
    },
    "node_modules/seroval": {
      "version": "1.0.4",
      "resolved": "https://registry.npmjs.org/seroval/-/seroval-1.0.4.tgz",
      "integrity": "sha512-qQs/N+KfJu83rmszFQaTxcoJoPn6KNUruX4KmnmyD0oZkUoiNvJ1rpdYKDf4YHM05k+HOgCxa3yvf15QbVijGg==",
      "peer": true,
      "engines": {
        "node": ">=10"
      }
    },
    "node_modules/seroval-plugins": {
      "version": "1.0.4",
      "resolved": "https://registry.npmjs.org/seroval-plugins/-/seroval-plugins-1.0.4.tgz",
      "integrity": "sha512-DQ2IK6oQVvy8k+c2V5x5YCtUa/GGGsUwUBNN9UqohrZ0rWdUapBFpNMYP1bCyRHoxOJjdKGl+dieacFIpU/i1A==",
      "peer": true,
      "engines": {
        "node": ">=10"
      },
      "peerDependencies": {
        "seroval": "^1.0"
      }
    },
    "node_modules/solid-js": {
      "version": "1.8.12",
      "resolved": "https://registry.npmjs.org/solid-js/-/solid-js-1.8.12.tgz",
      "integrity": "sha512-sLE/i6M9FSWlov3a2pTC5ISzanH2aKwqXTZj+bbFt4SUrVb4iGEa7fpILBMOxsQjkv3eXqEk6JVLlogOdTe0UQ==",
      "peer": true,
      "dependencies": {
        "csstype": "^3.1.0",
        "seroval": "^1.0.3",
        "seroval-plugins": "^1.0.3"
      }
    },
    "node_modules/solid-toast": {
      "version": "0.5.0",
      "resolved": "https://registry.npmjs.org/solid-toast/-/solid-toast-0.5.0.tgz",
      "integrity": "sha512-t770JakjyS2P9b8Qa1zMLOD51KYKWXbTAyJePVUoYex5c5FH5S/HtUBUbZAWFcqRCKmAE8KhyIiCvDZA8bOnxQ==",
      "peerDependencies": {
        "solid-js": "^1.5.4"
      }
    },
    "node_modules/yarn": {
      "version": "1.22.21",
      "resolved": "https://registry.npmjs.org/yarn/-/yarn-1.22.21.tgz",
      "integrity": "sha512-ynXaJsADJ9JiZ84zU25XkPGOvVMmZ5b7tmTSpKURYwgELdjucAOydqIOrOfTxVYcNXe91xvLZwcRh68SR3liCg==",
      "hasInstallScript": true,
      "bin": {
        "yarn": "bin/yarn.js",
        "yarnpkg": "bin/yarn.js"
      },
      "engines": {
        "node": ">=4.0.0"
      }
    }
  }
}
